// !$*UTF8*$!
{
	archiveVersion = 1;
	classes = {
	};
	objectVersion = 46;
	objects = {

/* Begin PBXBuildFile section */
		4E3C30E91BA60AC00000048C /* AudioToolbox.framework in Frameworks */ = {isa = PBXBuildFile; fileRef = 4E3C30E81BA60AC00000048C /* AudioToolbox.framework */; };
		4E3C30EB1BA60AC80000048C /* CFNetwork.framework in Frameworks */ = {isa = PBXBuildFile; fileRef = 4E3C30EA1BA60AC80000048C /* CFNetwork.framework */; };
		4E3C30ED1BA60AD40000048C /* CoreGraphics.framework in Frameworks */ = {isa = PBXBuildFile; fileRef = 4E3C30EC1BA60AD40000048C /* CoreGraphics.framework */; };
		4E3C30EF1BA60ADA0000048C /* CoreLocation.framework in Frameworks */ = {isa = PBXBuildFile; fileRef = 4E3C30EE1BA60ADA0000048C /* CoreLocation.framework */; };
		4E3C30F11BA60AE10000048C /* Security.framework in Frameworks */ = {isa = PBXBuildFile; fileRef = 4E3C30F01BA60AE10000048C /* Security.framework */; };
		4E3C30F31BA60AE90000048C /* QuartzCore.framework in Frameworks */ = {isa = PBXBuildFile; fileRef = 4E3C30F21BA60AE90000048C /* QuartzCore.framework */; };
		4E3C30F51BA60AF90000048C /* StoreKit.framework in Frameworks */ = {isa = PBXBuildFile; fileRef = 4E3C30F41BA60AF90000048C /* StoreKit.framework */; };
		4E3C30F91BA60B160000048C /* SystemConfiguration.framework in Frameworks */ = {isa = PBXBuildFile; fileRef = 4E3C30F81BA60B160000048C /* SystemConfiguration.framework */; };
		4E3C310A1BA65BBA0000048C /* MobileCoreServices.framework in Frameworks */ = {isa = PBXBuildFile; fileRef = 4E3C31091BA65BBA0000048C /* MobileCoreServices.framework */; };
		4E3C31111BA65E450000048C /* Bolts.framework in Frameworks */ = {isa = PBXBuildFile; fileRef = 4E3C310E1BA65E450000048C /* Bolts.framework */; };
		4E3C31121BA65E450000048C /* Parse.framework in Frameworks */ = {isa = PBXBuildFile; fileRef = 4E3C310F1BA65E450000048C /* Parse.framework */; };
		4E3C31131BA65E450000048C /* ParseFacebookUtils.framework in Frameworks */ = {isa = PBXBuildFile; fileRef = 4E3C31101BA65E450000048C /* ParseFacebookUtils.framework */; };
		4E93C96D1BA7373E00D78B38 /* libsqlite3.dylib in Frameworks */ = {isa = PBXBuildFile; fileRef = 4E93C96B1BA7373E00D78B38 /* libsqlite3.dylib */; };
		4E93C96E1BA7373E00D78B38 /* libz.1.dylib in Frameworks */ = {isa = PBXBuildFile; fileRef = 4E93C96C1BA7373E00D78B38 /* libz.1.dylib */; };
		4E93C9701BA7440200D78B38 /* libstdc++.6.0.9.dylib in Frameworks */ = {isa = PBXBuildFile; fileRef = 4E93C96F1BA7440200D78B38 /* libstdc++.6.0.9.dylib */; };
		CB80C0051BA356A800B41C7F /* AppDelegate.swift in Sources */ = {isa = PBXBuildFile; fileRef = CB80C0041BA356A800B41C7F /* AppDelegate.swift */; };
		CB80C0071BA356A800B41C7F /* CriarEstoriaViewController.swift in Sources */ = {isa = PBXBuildFile; fileRef = CB80C0061BA356A800B41C7F /* CriarEstoriaViewController.swift */; };
		CB80C0091BA356A800B41C7F /* EstoriaViewController.swift in Sources */ = {isa = PBXBuildFile; fileRef = CB80C0081BA356A800B41C7F /* EstoriaViewController.swift */; };
		CB80C00C1BA356A800B41C7F /* Main.storyboard in Resources */ = {isa = PBXBuildFile; fileRef = CB80C00A1BA356A800B41C7F /* Main.storyboard */; };
		CB80C00E1BA356A800B41C7F /* Assets.xcassets in Resources */ = {isa = PBXBuildFile; fileRef = CB80C00D1BA356A800B41C7F /* Assets.xcassets */; };
		CB80C0111BA356A800B41C7F /* LaunchScreen.storyboard in Resources */ = {isa = PBXBuildFile; fileRef = CB80C00F1BA356A800B41C7F /* LaunchScreen.storyboard */; };
		CB80C01C1BA356A800B41C7F /* CreebTests.swift in Sources */ = {isa = PBXBuildFile; fileRef = CB80C01B1BA356A800B41C7F /* CreebTests.swift */; };
		CB80C0271BA356A800B41C7F /* CreebUITests.swift in Sources */ = {isa = PBXBuildFile; fileRef = CB80C0261BA356A800B41C7F /* CreebUITests.swift */; };
		CB80C0351BA35C4300B41C7F /* LoginViewController.swift in Sources */ = {isa = PBXBuildFile; fileRef = CB80C0341BA35C4300B41C7F /* LoginViewController.swift */; };
		CB80C0371BA35CFF00B41C7F /* HistoricoTableViewController.swift in Sources */ = {isa = PBXBuildFile; fileRef = CB80C0361BA35CFF00B41C7F /* HistoricoTableViewController.swift */; };
		CB80C0391BA3619B00B41C7F /* Usuario.swift in Sources */ = {isa = PBXBuildFile; fileRef = CB80C0381BA3619B00B41C7F /* Usuario.swift */; };
		CB80C03B1BA361B400B41C7F /* Estoria.swift in Sources */ = {isa = PBXBuildFile; fileRef = CB80C03A1BA361B400B41C7F /* Estoria.swift */; };
		CB80C03D1BA361D000B41C7F /* Trecho.swift in Sources */ = {isa = PBXBuildFile; fileRef = CB80C03C1BA361D000B41C7F /* Trecho.swift */; };
		CB80C03F1BA361DE00B41C7F /* Personagem.swift in Sources */ = {isa = PBXBuildFile; fileRef = CB80C03E1BA361DE00B41C7F /* Personagem.swift */; };
		CB80C0411BA361F500B41C7F /* Cenario.swift in Sources */ = {isa = PBXBuildFile; fileRef = CB80C0401BA361F500B41C7F /* Cenario.swift */; };
		CB80C0431BA3621B00B41C7F /* Pacote.swift in Sources */ = {isa = PBXBuildFile; fileRef = CB80C0421BA3621B00B41C7F /* Pacote.swift */; };
		CB80C0451BA3622800B41C7F /* Item.swift in Sources */ = {isa = PBXBuildFile; fileRef = CB80C0441BA3622800B41C7F /* Item.swift */; };
/* End PBXBuildFile section */

/* Begin PBXContainerItemProxy section */
		CB80C0181BA356A800B41C7F /* PBXContainerItemProxy */ = {
			isa = PBXContainerItemProxy;
			containerPortal = CB80BFF91BA356A800B41C7F /* Project object */;
			proxyType = 1;
			remoteGlobalIDString = CB80C0001BA356A800B41C7F;
			remoteInfo = Creeb;
		};
		CB80C0231BA356A800B41C7F /* PBXContainerItemProxy */ = {
			isa = PBXContainerItemProxy;
			containerPortal = CB80BFF91BA356A800B41C7F /* Project object */;
			proxyType = 1;
			remoteGlobalIDString = CB80C0001BA356A800B41C7F;
			remoteInfo = Creeb;
		};
/* End PBXContainerItemProxy section */

/* Begin PBXFileReference section */
		4E3C30E81BA60AC00000048C /* AudioToolbox.framework */ = {isa = PBXFileReference; lastKnownFileType = wrapper.framework; name = AudioToolbox.framework; path = System/Library/Frameworks/AudioToolbox.framework; sourceTree = SDKROOT; };
		4E3C30EA1BA60AC80000048C /* CFNetwork.framework */ = {isa = PBXFileReference; lastKnownFileType = wrapper.framework; name = CFNetwork.framework; path = System/Library/Frameworks/CFNetwork.framework; sourceTree = SDKROOT; };
		4E3C30EC1BA60AD40000048C /* CoreGraphics.framework */ = {isa = PBXFileReference; lastKnownFileType = wrapper.framework; name = CoreGraphics.framework; path = System/Library/Frameworks/CoreGraphics.framework; sourceTree = SDKROOT; };
		4E3C30EE1BA60ADA0000048C /* CoreLocation.framework */ = {isa = PBXFileReference; lastKnownFileType = wrapper.framework; name = CoreLocation.framework; path = System/Library/Frameworks/CoreLocation.framework; sourceTree = SDKROOT; };
		4E3C30F01BA60AE10000048C /* Security.framework */ = {isa = PBXFileReference; lastKnownFileType = wrapper.framework; name = Security.framework; path = System/Library/Frameworks/Security.framework; sourceTree = SDKROOT; };
		4E3C30F21BA60AE90000048C /* QuartzCore.framework */ = {isa = PBXFileReference; lastKnownFileType = wrapper.framework; name = QuartzCore.framework; path = System/Library/Frameworks/QuartzCore.framework; sourceTree = SDKROOT; };
		4E3C30F41BA60AF90000048C /* StoreKit.framework */ = {isa = PBXFileReference; lastKnownFileType = wrapper.framework; name = StoreKit.framework; path = System/Library/Frameworks/StoreKit.framework; sourceTree = SDKROOT; };
		4E3C30F61BA60B0B0000048C /* libz.tbd */ = {isa = PBXFileReference; lastKnownFileType = "sourcecode.text-based-dylib-definition"; name = libz.tbd; path = usr/lib/libz.tbd; sourceTree = SDKROOT; };
		4E3C30F81BA60B160000048C /* SystemConfiguration.framework */ = {isa = PBXFileReference; lastKnownFileType = wrapper.framework; name = SystemConfiguration.framework; path = System/Library/Frameworks/SystemConfiguration.framework; sourceTree = SDKROOT; };
		4E3C30FA1BA60B280000048C /* libsqlite3.tbd */ = {isa = PBXFileReference; lastKnownFileType = "sourcecode.text-based-dylib-definition"; name = libsqlite3.tbd; path = usr/lib/libsqlite3.tbd; sourceTree = SDKROOT; };
		4E3C30FE1BA65A920000048C /* Creeb-Bridging-Header.h */ = {isa = PBXFileReference; lastKnownFileType = sourcecode.c.h; path = "Creeb-Bridging-Header.h"; sourceTree = "<group>"; };
		4E3C31091BA65BBA0000048C /* MobileCoreServices.framework */ = {isa = PBXFileReference; lastKnownFileType = wrapper.framework; name = MobileCoreServices.framework; path = System/Library/Frameworks/MobileCoreServices.framework; sourceTree = SDKROOT; };
		4E3C310B1BA65D9B0000048C /* libstdc++.6.tbd */ = {isa = PBXFileReference; lastKnownFileType = "sourcecode.text-based-dylib-definition"; name = "libstdc++.6.tbd"; path = "usr/lib/libstdc++.6.tbd"; sourceTree = SDKROOT; };
		4E3C310E1BA65E450000048C /* Bolts.framework */ = {isa = PBXFileReference; lastKnownFileType = wrapper.framework; path = Bolts.framework; sourceTree = "<group>"; };
		4E3C310F1BA65E450000048C /* Parse.framework */ = {isa = PBXFileReference; lastKnownFileType = wrapper.framework; path = Parse.framework; sourceTree = "<group>"; };
		4E3C31101BA65E450000048C /* ParseFacebookUtils.framework */ = {isa = PBXFileReference; lastKnownFileType = wrapper.framework; path = ParseFacebookUtils.framework; sourceTree = "<group>"; };
		4E93C96B1BA7373E00D78B38 /* libsqlite3.dylib */ = {isa = PBXFileReference; lastKnownFileType = "compiled.mach-o.dylib"; name = libsqlite3.dylib; path = ../../../../../../usr/lib/libsqlite3.dylib; sourceTree = "<group>"; };
		4E93C96C1BA7373E00D78B38 /* libz.1.dylib */ = {isa = PBXFileReference; lastKnownFileType = "compiled.mach-o.dylib"; name = libz.1.dylib; path = ../../../../../../usr/lib/libz.1.dylib; sourceTree = "<group>"; };
		4E93C96F1BA7440200D78B38 /* libstdc++.6.0.9.dylib */ = {isa = PBXFileReference; lastKnownFileType = "compiled.mach-o.dylib"; name = "libstdc++.6.0.9.dylib"; path = "../../../../../../usr/lib/libstdc++.6.0.9.dylib"; sourceTree = "<group>"; };
		CB80C0011BA356A800B41C7F /* Creeb.app */ = {isa = PBXFileReference; explicitFileType = wrapper.application; includeInIndex = 0; path = Creeb.app; sourceTree = BUILT_PRODUCTS_DIR; };
		CB80C0041BA356A800B41C7F /* AppDelegate.swift */ = {isa = PBXFileReference; lastKnownFileType = sourcecode.swift; path = AppDelegate.swift; sourceTree = "<group>"; };
		CB80C0061BA356A800B41C7F /* CriarEstoriaViewController.swift */ = {isa = PBXFileReference; lastKnownFileType = sourcecode.swift; path = CriarEstoriaViewController.swift; sourceTree = "<group>"; };
		CB80C0081BA356A800B41C7F /* EstoriaViewController.swift */ = {isa = PBXFileReference; lastKnownFileType = sourcecode.swift; path = EstoriaViewController.swift; sourceTree = "<group>"; };
		CB80C00B1BA356A800B41C7F /* Base */ = {isa = PBXFileReference; lastKnownFileType = file.storyboard; name = Base; path = Base.lproj/Main.storyboard; sourceTree = "<group>"; };
		CB80C00D1BA356A800B41C7F /* Assets.xcassets */ = {isa = PBXFileReference; lastKnownFileType = folder.assetcatalog; path = Assets.xcassets; sourceTree = "<group>"; };
		CB80C0101BA356A800B41C7F /* Base */ = {isa = PBXFileReference; lastKnownFileType = file.storyboard; name = Base; path = Base.lproj/LaunchScreen.storyboard; sourceTree = "<group>"; };
		CB80C0121BA356A800B41C7F /* Info.plist */ = {isa = PBXFileReference; lastKnownFileType = text.plist.xml; path = Info.plist; sourceTree = "<group>"; };
		CB80C0171BA356A800B41C7F /* CreebTests.xctest */ = {isa = PBXFileReference; explicitFileType = wrapper.cfbundle; includeInIndex = 0; path = CreebTests.xctest; sourceTree = BUILT_PRODUCTS_DIR; };
		CB80C01B1BA356A800B41C7F /* CreebTests.swift */ = {isa = PBXFileReference; lastKnownFileType = sourcecode.swift; path = CreebTests.swift; sourceTree = "<group>"; };
		CB80C01D1BA356A800B41C7F /* Info.plist */ = {isa = PBXFileReference; lastKnownFileType = text.plist.xml; path = Info.plist; sourceTree = "<group>"; };
		CB80C0221BA356A800B41C7F /* CreebUITests.xctest */ = {isa = PBXFileReference; explicitFileType = wrapper.cfbundle; includeInIndex = 0; path = CreebUITests.xctest; sourceTree = BUILT_PRODUCTS_DIR; };
		CB80C0261BA356A800B41C7F /* CreebUITests.swift */ = {isa = PBXFileReference; lastKnownFileType = sourcecode.swift; path = CreebUITests.swift; sourceTree = "<group>"; };
		CB80C0281BA356A800B41C7F /* Info.plist */ = {isa = PBXFileReference; lastKnownFileType = text.plist.xml; path = Info.plist; sourceTree = "<group>"; };
		CB80C0341BA35C4300B41C7F /* LoginViewController.swift */ = {isa = PBXFileReference; fileEncoding = 4; lastKnownFileType = sourcecode.swift; path = LoginViewController.swift; sourceTree = "<group>"; };
		CB80C0361BA35CFF00B41C7F /* HistoricoTableViewController.swift */ = {isa = PBXFileReference; fileEncoding = 4; lastKnownFileType = sourcecode.swift; path = HistoricoTableViewController.swift; sourceTree = "<group>"; };
		CB80C0381BA3619B00B41C7F /* Usuario.swift */ = {isa = PBXFileReference; fileEncoding = 4; lastKnownFileType = sourcecode.swift; path = Usuario.swift; sourceTree = "<group>"; };
		CB80C03A1BA361B400B41C7F /* Estoria.swift */ = {isa = PBXFileReference; fileEncoding = 4; lastKnownFileType = sourcecode.swift; path = Estoria.swift; sourceTree = "<group>"; };
		CB80C03C1BA361D000B41C7F /* Trecho.swift */ = {isa = PBXFileReference; fileEncoding = 4; lastKnownFileType = sourcecode.swift; path = Trecho.swift; sourceTree = "<group>"; };
		CB80C03E1BA361DE00B41C7F /* Personagem.swift */ = {isa = PBXFileReference; fileEncoding = 4; lastKnownFileType = sourcecode.swift; path = Personagem.swift; sourceTree = "<group>"; };
		CB80C0401BA361F500B41C7F /* Cenario.swift */ = {isa = PBXFileReference; fileEncoding = 4; lastKnownFileType = sourcecode.swift; path = Cenario.swift; sourceTree = "<group>"; };
		CB80C0421BA3621B00B41C7F /* Pacote.swift */ = {isa = PBXFileReference; fileEncoding = 4; lastKnownFileType = sourcecode.swift; path = Pacote.swift; sourceTree = "<group>"; };
		CB80C0441BA3622800B41C7F /* Item.swift */ = {isa = PBXFileReference; fileEncoding = 4; lastKnownFileType = sourcecode.swift; path = Item.swift; sourceTree = "<group>"; };
/* End PBXFileReference section */

/* Begin PBXFrameworksBuildPhase section */
		CB80BFFE1BA356A800B41C7F /* Frameworks */ = {
			isa = PBXFrameworksBuildPhase;
			buildActionMask = 2147483647;
			files = (
				4E93C9701BA7440200D78B38 /* libstdc++.6.0.9.dylib in Frameworks */,
				4E93C96D1BA7373E00D78B38 /* libsqlite3.dylib in Frameworks */,
				4E93C96E1BA7373E00D78B38 /* libz.1.dylib in Frameworks */,
				4E3C31131BA65E450000048C /* ParseFacebookUtils.framework in Frameworks */,
				4E3C310A1BA65BBA0000048C /* MobileCoreServices.framework in Frameworks */,
				4E3C31111BA65E450000048C /* Bolts.framework in Frameworks */,
				4E3C30F91BA60B160000048C /* SystemConfiguration.framework in Frameworks */,
				4E3C30F51BA60AF90000048C /* StoreKit.framework in Frameworks */,
				4E3C31121BA65E450000048C /* Parse.framework in Frameworks */,
				4E3C30F31BA60AE90000048C /* QuartzCore.framework in Frameworks */,
				4E3C30F11BA60AE10000048C /* Security.framework in Frameworks */,
				4E3C30EF1BA60ADA0000048C /* CoreLocation.framework in Frameworks */,
				4E3C30ED1BA60AD40000048C /* CoreGraphics.framework in Frameworks */,
				4E3C30EB1BA60AC80000048C /* CFNetwork.framework in Frameworks */,
				4E3C30E91BA60AC00000048C /* AudioToolbox.framework in Frameworks */,
			);
			runOnlyForDeploymentPostprocessing = 0;
		};
		CB80C0141BA356A800B41C7F /* Frameworks */ = {
			isa = PBXFrameworksBuildPhase;
			buildActionMask = 2147483647;
			files = (
			);
			runOnlyForDeploymentPostprocessing = 0;
		};
		CB80C01F1BA356A800B41C7F /* Frameworks */ = {
			isa = PBXFrameworksBuildPhase;
			buildActionMask = 2147483647;
			files = (
			);
			runOnlyForDeploymentPostprocessing = 0;
		};
/* End PBXFrameworksBuildPhase section */

/* Begin PBXGroup section */
		4E3C30FC1BA60B330000048C /* Frameworks */ = {
			isa = PBXGroup;
			children = (
				4E93C96F1BA7440200D78B38 /* libstdc++.6.0.9.dylib */,
				4E93C96B1BA7373E00D78B38 /* libsqlite3.dylib */,
				4E93C96C1BA7373E00D78B38 /* libz.1.dylib */,
				4E3C310E1BA65E450000048C /* Bolts.framework */,
				4E3C310F1BA65E450000048C /* Parse.framework */,
				4E3C31101BA65E450000048C /* ParseFacebookUtils.framework */,
				4E3C310B1BA65D9B0000048C /* libstdc++.6.tbd */,
				4E3C31091BA65BBA0000048C /* MobileCoreServices.framework */,
				4E3C30FA1BA60B280000048C /* libsqlite3.tbd */,
				4E3C30F81BA60B160000048C /* SystemConfiguration.framework */,
				4E3C30F61BA60B0B0000048C /* libz.tbd */,
				4E3C30F41BA60AF90000048C /* StoreKit.framework */,
				4E3C30F21BA60AE90000048C /* QuartzCore.framework */,
				4E3C30F01BA60AE10000048C /* Security.framework */,
				4E3C30EE1BA60ADA0000048C /* CoreLocation.framework */,
				4E3C30EC1BA60AD40000048C /* CoreGraphics.framework */,
				4E3C30EA1BA60AC80000048C /* CFNetwork.framework */,
				4E3C30E81BA60AC00000048C /* AudioToolbox.framework */,
			);
			name = Frameworks;
			sourceTree = "<group>";
		};
		CB80BFF81BA356A800B41C7F = {
			isa = PBXGroup;
			children = (
				4E3C30FC1BA60B330000048C /* Frameworks */,
				CB80C0031BA356A800B41C7F /* Creeb */,
				CB80C01A1BA356A800B41C7F /* CreebTests */,
				CB80C0251BA356A800B41C7F /* CreebUITests */,
				CB80C0021BA356A800B41C7F /* Products */,
				4E3C30FE1BA65A920000048C /* Creeb-Bridging-Header.h */,
			);
			sourceTree = "<group>";
		};
		CB80C0021BA356A800B41C7F /* Products */ = {
			isa = PBXGroup;
			children = (
				CB80C0011BA356A800B41C7F /* Creeb.app */,
				CB80C0171BA356A800B41C7F /* CreebTests.xctest */,
				CB80C0221BA356A800B41C7F /* CreebUITests.xctest */,
			);
			name = Products;
			sourceTree = "<group>";
		};
		CB80C0031BA356A800B41C7F /* Creeb */ = {
			isa = PBXGroup;
			children = (
				CB80C0041BA356A800B41C7F /* AppDelegate.swift */,
				CB80C0471BA3625900B41C7F /* Classes */,
				CB80C0461BA3623A00B41C7F /* Controllers */,
				CB80C00A1BA356A800B41C7F /* Main.storyboard */,
				CB80C00D1BA356A800B41C7F /* Assets.xcassets */,
				CB80C00F1BA356A800B41C7F /* LaunchScreen.storyboard */,
				CB80C0121BA356A800B41C7F /* Info.plist */,
			);
			path = Creeb;
			sourceTree = "<group>";
		};
		CB80C01A1BA356A800B41C7F /* CreebTests */ = {
			isa = PBXGroup;
			children = (
				CB80C01B1BA356A800B41C7F /* CreebTests.swift */,
				CB80C01D1BA356A800B41C7F /* Info.plist */,
			);
			path = CreebTests;
			sourceTree = "<group>";
		};
		CB80C0251BA356A800B41C7F /* CreebUITests */ = {
			isa = PBXGroup;
			children = (
				CB80C0261BA356A800B41C7F /* CreebUITests.swift */,
				CB80C0281BA356A800B41C7F /* Info.plist */,
			);
			path = CreebUITests;
			sourceTree = "<group>";
		};
		CB80C0461BA3623A00B41C7F /* Controllers */ = {
			isa = PBXGroup;
			children = (
				CB80C0341BA35C4300B41C7F /* LoginViewController.swift */,
				CB80C0361BA35CFF00B41C7F /* HistoricoTableViewController.swift */,
				CB80C0061BA356A800B41C7F /* CriarEstoriaViewController.swift */,
				CB80C0081BA356A800B41C7F /* EstoriaViewController.swift */,
			);
			name = Controllers;
			sourceTree = "<group>";
		};
		CB80C0471BA3625900B41C7F /* Classes */ = {
			isa = PBXGroup;
			children = (
				CB80C0381BA3619B00B41C7F /* Usuario.swift */,
				CB80C03A1BA361B400B41C7F /* Estoria.swift */,
				CB80C03C1BA361D000B41C7F /* Trecho.swift */,
				CB80C0441BA3622800B41C7F /* Item.swift */,
				CB80C0421BA3621B00B41C7F /* Pacote.swift */,
				CB80C0401BA361F500B41C7F /* Cenario.swift */,
				CB80C03E1BA361DE00B41C7F /* Personagem.swift */,
			);
			name = Classes;
			sourceTree = "<group>";
		};
/* End PBXGroup section */

/* Begin PBXNativeTarget section */
		CB80C0001BA356A800B41C7F /* Creeb */ = {
			isa = PBXNativeTarget;
			buildConfigurationList = CB80C02B1BA356A800B41C7F /* Build configuration list for PBXNativeTarget "Creeb" */;
			buildPhases = (
				CB80BFFD1BA356A800B41C7F /* Sources */,
				CB80BFFE1BA356A800B41C7F /* Frameworks */,
				CB80BFFF1BA356A800B41C7F /* Resources */,
			);
			buildRules = (
			);
			dependencies = (
			);
			name = Creeb;
			productName = Creeb;
			productReference = CB80C0011BA356A800B41C7F /* Creeb.app */;
			productType = "com.apple.product-type.application";
		};
		CB80C0161BA356A800B41C7F /* CreebTests */ = {
			isa = PBXNativeTarget;
			buildConfigurationList = CB80C02E1BA356A800B41C7F /* Build configuration list for PBXNativeTarget "CreebTests" */;
			buildPhases = (
				CB80C0131BA356A800B41C7F /* Sources */,
				CB80C0141BA356A800B41C7F /* Frameworks */,
				CB80C0151BA356A800B41C7F /* Resources */,
			);
			buildRules = (
			);
			dependencies = (
				CB80C0191BA356A800B41C7F /* PBXTargetDependency */,
			);
			name = CreebTests;
			productName = CreebTests;
			productReference = CB80C0171BA356A800B41C7F /* CreebTests.xctest */;
			productType = "com.apple.product-type.bundle.unit-test";
		};
		CB80C0211BA356A800B41C7F /* CreebUITests */ = {
			isa = PBXNativeTarget;
			buildConfigurationList = CB80C0311BA356A800B41C7F /* Build configuration list for PBXNativeTarget "CreebUITests" */;
			buildPhases = (
				CB80C01E1BA356A800B41C7F /* Sources */,
				CB80C01F1BA356A800B41C7F /* Frameworks */,
				CB80C0201BA356A800B41C7F /* Resources */,
			);
			buildRules = (
			);
			dependencies = (
				CB80C0241BA356A800B41C7F /* PBXTargetDependency */,
			);
			name = CreebUITests;
			productName = CreebUITests;
			productReference = CB80C0221BA356A800B41C7F /* CreebUITests.xctest */;
			productType = "com.apple.product-type.bundle.ui-testing";
		};
/* End PBXNativeTarget section */

/* Begin PBXProject section */
		CB80BFF91BA356A800B41C7F /* Project object */ = {
			isa = PBXProject;
			attributes = {
				LastSwiftUpdateCheck = 0700;
				LastUpgradeCheck = 0700;
				ORGANIZATIONNAME = "BEPiD FUCAPI";
				TargetAttributes = {
					CB80C0001BA356A800B41C7F = {
						CreatedOnToolsVersion = 7.0;
						DevelopmentTeam = S5JK2K58GF;
					};
					CB80C0161BA356A800B41C7F = {
						CreatedOnToolsVersion = 7.0;
						TestTargetID = CB80C0001BA356A800B41C7F;
					};
					CB80C0211BA356A800B41C7F = {
						CreatedOnToolsVersion = 7.0;
						TestTargetID = CB80C0001BA356A800B41C7F;
					};
				};
			};
			buildConfigurationList = CB80BFFC1BA356A800B41C7F /* Build configuration list for PBXProject "Creeb" */;
			compatibilityVersion = "Xcode 3.2";
			developmentRegion = English;
			hasScannedForEncodings = 0;
			knownRegions = (
				en,
				Base,
			);
			mainGroup = CB80BFF81BA356A800B41C7F;
			productRefGroup = CB80C0021BA356A800B41C7F /* Products */;
			projectDirPath = "";
			projectRoot = "";
			targets = (
				CB80C0001BA356A800B41C7F /* Creeb */,
				CB80C0161BA356A800B41C7F /* CreebTests */,
				CB80C0211BA356A800B41C7F /* CreebUITests */,
			);
		};
/* End PBXProject section */

/* Begin PBXResourcesBuildPhase section */
		CB80BFFF1BA356A800B41C7F /* Resources */ = {
			isa = PBXResourcesBuildPhase;
			buildActionMask = 2147483647;
			files = (
				CB80C0111BA356A800B41C7F /* LaunchScreen.storyboard in Resources */,
				CB80C00E1BA356A800B41C7F /* Assets.xcassets in Resources */,
				CB80C00C1BA356A800B41C7F /* Main.storyboard in Resources */,
			);
			runOnlyForDeploymentPostprocessing = 0;
		};
		CB80C0151BA356A800B41C7F /* Resources */ = {
			isa = PBXResourcesBuildPhase;
			buildActionMask = 2147483647;
			files = (
			);
			runOnlyForDeploymentPostprocessing = 0;
		};
		CB80C0201BA356A800B41C7F /* Resources */ = {
			isa = PBXResourcesBuildPhase;
			buildActionMask = 2147483647;
			files = (
			);
			runOnlyForDeploymentPostprocessing = 0;
		};
/* End PBXResourcesBuildPhase section */

/* Begin PBXSourcesBuildPhase section */
		CB80BFFD1BA356A800B41C7F /* Sources */ = {
			isa = PBXSourcesBuildPhase;
			buildActionMask = 2147483647;
			files = (
				CB80C0351BA35C4300B41C7F /* LoginViewController.swift in Sources */,
				CB80C03F1BA361DE00B41C7F /* Personagem.swift in Sources */,
				CB80C03B1BA361B400B41C7F /* Estoria.swift in Sources */,
				CB80C0091BA356A800B41C7F /* EstoriaViewController.swift in Sources */,
				CB80C0451BA3622800B41C7F /* Item.swift in Sources */,
				CB80C0391BA3619B00B41C7F /* Usuario.swift in Sources */,
				CB80C0411BA361F500B41C7F /* Cenario.swift in Sources */,
				CB80C03D1BA361D000B41C7F /* Trecho.swift in Sources */,
				CB80C0051BA356A800B41C7F /* AppDelegate.swift in Sources */,
				CB80C0371BA35CFF00B41C7F /* HistoricoTableViewController.swift in Sources */,
				CB80C0431BA3621B00B41C7F /* Pacote.swift in Sources */,
				CB80C0071BA356A800B41C7F /* CriarEstoriaViewController.swift in Sources */,
			);
			runOnlyForDeploymentPostprocessing = 0;
		};
		CB80C0131BA356A800B41C7F /* Sources */ = {
			isa = PBXSourcesBuildPhase;
			buildActionMask = 2147483647;
			files = (
				CB80C01C1BA356A800B41C7F /* CreebTests.swift in Sources */,
			);
			runOnlyForDeploymentPostprocessing = 0;
		};
		CB80C01E1BA356A800B41C7F /* Sources */ = {
			isa = PBXSourcesBuildPhase;
			buildActionMask = 2147483647;
			files = (
				CB80C0271BA356A800B41C7F /* CreebUITests.swift in Sources */,
			);
			runOnlyForDeploymentPostprocessing = 0;
		};
/* End PBXSourcesBuildPhase section */

/* Begin PBXTargetDependency section */
		CB80C0191BA356A800B41C7F /* PBXTargetDependency */ = {
			isa = PBXTargetDependency;
			target = CB80C0001BA356A800B41C7F /* Creeb */;
			targetProxy = CB80C0181BA356A800B41C7F /* PBXContainerItemProxy */;
		};
		CB80C0241BA356A800B41C7F /* PBXTargetDependency */ = {
			isa = PBXTargetDependency;
			target = CB80C0001BA356A800B41C7F /* Creeb */;
			targetProxy = CB80C0231BA356A800B41C7F /* PBXContainerItemProxy */;
		};
/* End PBXTargetDependency section */

/* Begin PBXVariantGroup section */
		CB80C00A1BA356A800B41C7F /* Main.storyboard */ = {
			isa = PBXVariantGroup;
			children = (
				CB80C00B1BA356A800B41C7F /* Base */,
			);
			name = Main.storyboard;
			sourceTree = "<group>";
		};
		CB80C00F1BA356A800B41C7F /* LaunchScreen.storyboard */ = {
			isa = PBXVariantGroup;
			children = (
				CB80C0101BA356A800B41C7F /* Base */,
			);
			name = LaunchScreen.storyboard;
			sourceTree = "<group>";
		};
/* End PBXVariantGroup section */

/* Begin XCBuildConfiguration section */
		CB80C0291BA356A800B41C7F /* Debug */ = {
			isa = XCBuildConfiguration;
			buildSettings = {
				ALWAYS_SEARCH_USER_PATHS = NO;
				CLANG_CXX_LANGUAGE_STANDARD = "gnu++0x";
				CLANG_CXX_LIBRARY = "libc++";
				CLANG_ENABLE_MODULES = YES;
				CLANG_ENABLE_OBJC_ARC = YES;
				CLANG_WARN_BOOL_CONVERSION = YES;
				CLANG_WARN_CONSTANT_CONVERSION = YES;
				CLANG_WARN_DIRECT_OBJC_ISA_USAGE = YES_ERROR;
				CLANG_WARN_EMPTY_BODY = YES;
				CLANG_WARN_ENUM_CONVERSION = YES;
				CLANG_WARN_INT_CONVERSION = YES;
				CLANG_WARN_OBJC_ROOT_CLASS = YES_ERROR;
				CLANG_WARN_UNREACHABLE_CODE = YES;
				CLANG_WARN__DUPLICATE_METHOD_MATCH = YES;
				"CODE_SIGN_IDENTITY[sdk=iphoneos*]" = "iPhone Developer";
				COPY_PHASE_STRIP = NO;
				DEBUG_INFORMATION_FORMAT = dwarf;
				ENABLE_STRICT_OBJC_MSGSEND = YES;
				ENABLE_TESTABILITY = YES;
				GCC_C_LANGUAGE_STANDARD = gnu99;
				GCC_DYNAMIC_NO_PIC = NO;
				GCC_NO_COMMON_BLOCKS = YES;
				GCC_OPTIMIZATION_LEVEL = 0;
				GCC_PREPROCESSOR_DEFINITIONS = (
					"DEBUG=1",
					"$(inherited)",
				);
				GCC_WARN_64_TO_32_BIT_CONVERSION = YES;
				GCC_WARN_ABOUT_RETURN_TYPE = YES_ERROR;
				GCC_WARN_UNDECLARED_SELECTOR = YES;
				GCC_WARN_UNINITIALIZED_AUTOS = YES_AGGRESSIVE;
				GCC_WARN_UNUSED_FUNCTION = YES;
				GCC_WARN_UNUSED_VARIABLE = YES;
				IPHONEOS_DEPLOYMENT_TARGET = 8.4;
				MTL_ENABLE_DEBUG_INFO = YES;
				ONLY_ACTIVE_ARCH = YES;
				SDKROOT = iphoneos;
				SWIFT_OPTIMIZATION_LEVEL = "-Onone";
				TARGETED_DEVICE_FAMILY = "1,2";
			};
			name = Debug;
		};
		CB80C02A1BA356A800B41C7F /* Release */ = {
			isa = XCBuildConfiguration;
			buildSettings = {
				ALWAYS_SEARCH_USER_PATHS = NO;
				CLANG_CXX_LANGUAGE_STANDARD = "gnu++0x";
				CLANG_CXX_LIBRARY = "libc++";
				CLANG_ENABLE_MODULES = YES;
				CLANG_ENABLE_OBJC_ARC = YES;
				CLANG_WARN_BOOL_CONVERSION = YES;
				CLANG_WARN_CONSTANT_CONVERSION = YES;
				CLANG_WARN_DIRECT_OBJC_ISA_USAGE = YES_ERROR;
				CLANG_WARN_EMPTY_BODY = YES;
				CLANG_WARN_ENUM_CONVERSION = YES;
				CLANG_WARN_INT_CONVERSION = YES;
				CLANG_WARN_OBJC_ROOT_CLASS = YES_ERROR;
				CLANG_WARN_UNREACHABLE_CODE = YES;
				CLANG_WARN__DUPLICATE_METHOD_MATCH = YES;
				"CODE_SIGN_IDENTITY[sdk=iphoneos*]" = "iPhone Developer";
				COPY_PHASE_STRIP = NO;
				DEBUG_INFORMATION_FORMAT = "dwarf-with-dsym";
				ENABLE_NS_ASSERTIONS = NO;
				ENABLE_STRICT_OBJC_MSGSEND = YES;
				GCC_C_LANGUAGE_STANDARD = gnu99;
				GCC_NO_COMMON_BLOCKS = YES;
				GCC_WARN_64_TO_32_BIT_CONVERSION = YES;
				GCC_WARN_ABOUT_RETURN_TYPE = YES_ERROR;
				GCC_WARN_UNDECLARED_SELECTOR = YES;
				GCC_WARN_UNINITIALIZED_AUTOS = YES_AGGRESSIVE;
				GCC_WARN_UNUSED_FUNCTION = YES;
				GCC_WARN_UNUSED_VARIABLE = YES;
				IPHONEOS_DEPLOYMENT_TARGET = 8.4;
				MTL_ENABLE_DEBUG_INFO = NO;
				SDKROOT = iphoneos;
				TARGETED_DEVICE_FAMILY = "1,2";
				VALIDATE_PRODUCT = YES;
			};
			name = Release;
		};
		CB80C02C1BA356A800B41C7F /* Debug */ = {
			isa = XCBuildConfiguration;
			buildSettings = {
				ASSETCATALOG_COMPILER_APPICON_NAME = AppIcon;
				CLANG_ENABLE_MODULES = YES;
				CODE_SIGN_IDENTITY = "iPhone Developer";
				FRAMEWORK_SEARCH_PATHS = (
					"$(inherited)",
					"$(PROJECT_DIR)/Creeb",
					"$(PROJECT_DIR)",
				);
				INFOPLIST_FILE = Creeb/Info.plist;
				IPHONEOS_DEPLOYMENT_TARGET = 8.4;
				LD_RUNPATH_SEARCH_PATHS = "$(inherited) @executable_path/Frameworks";
				PRODUCT_BUNDLE_IDENTIFIER = edu.fucapi.bepid.Creeb;
				PRODUCT_NAME = "$(TARGET_NAME)";
				SWIFT_OBJC_BRIDGING_HEADER = "Creeb-Bridging-Header.h";
				SWIFT_OPTIMIZATION_LEVEL = "-Onone";
			};
			name = Debug;
		};
		CB80C02D1BA356A800B41C7F /* Release */ = {
			isa = XCBuildConfiguration;
			buildSettings = {
				ASSETCATALOG_COMPILER_APPICON_NAME = AppIcon;
				CLANG_ENABLE_MODULES = YES;
				CODE_SIGN_IDENTITY = "iPhone Developer";
				FRAMEWORK_SEARCH_PATHS = (
					"$(inherited)",
					"$(PROJECT_DIR)/Creeb",
					"$(PROJECT_DIR)",
				);
				INFOPLIST_FILE = Creeb/Info.plist;
				IPHONEOS_DEPLOYMENT_TARGET = 8.4;
				LD_RUNPATH_SEARCH_PATHS = "$(inherited) @executable_path/Frameworks";
				PRODUCT_BUNDLE_IDENTIFIER = edu.fucapi.bepid.Creeb;
				PRODUCT_NAME = "$(TARGET_NAME)";
				SWIFT_OBJC_BRIDGING_HEADER = "Creeb-Bridging-Header.h";
			};
			name = Release;
		};
		CB80C02F1BA356A800B41C7F /* Debug */ = {
			isa = XCBuildConfiguration;
			buildSettings = {
				BUNDLE_LOADER = "$(TEST_HOST)";
				INFOPLIST_FILE = CreebTests/Info.plist;
				LD_RUNPATH_SEARCH_PATHS = "$(inherited) @executable_path/Frameworks @loader_path/Frameworks";
				PRODUCT_BUNDLE_IDENTIFIER = edu.fucapi.bepid.CreebTests;
				PRODUCT_NAME = "$(TARGET_NAME)";
				TEST_HOST = "$(BUILT_PRODUCTS_DIR)/Creeb.app/Creeb";
			};
			name = Debug;
		};
		CB80C0301BA356A800B41C7F /* Release */ = {
			isa = XCBuildConfiguration;
			buildSettings = {
				BUNDLE_LOADER = "$(TEST_HOST)";
				INFOPLIST_FILE = CreebTests/Info.plist;
				LD_RUNPATH_SEARCH_PATHS = "$(inherited) @executable_path/Frameworks @loader_path/Frameworks";
				PRODUCT_BUNDLE_IDENTIFIER = edu.fucapi.bepid.CreebTests;
				PRODUCT_NAME = "$(TARGET_NAME)";
				TEST_HOST = "$(BUILT_PRODUCTS_DIR)/Creeb.app/Creeb";
			};
			name = Release;
		};
		CB80C0321BA356A800B41C7F /* Debug */ = {
			isa = XCBuildConfiguration;
			buildSettings = {
				INFOPLIST_FILE = CreebUITests/Info.plist;
				LD_RUNPATH_SEARCH_PATHS = "$(inherited) @executable_path/Frameworks @loader_path/Frameworks";
				PRODUCT_BUNDLE_IDENTIFIER = edu.fucapi.bepid.CreebUITests;
				PRODUCT_NAME = "$(TARGET_NAME)";
				TEST_TARGET_NAME = Creeb;
				USES_XCTRUNNER = YES;
			};
			name = Debug;
		};
		CB80C0331BA356A800B41C7F /* Release */ = {
			isa = XCBuildConfiguration;
			buildSettings = {
				INFOPLIST_FILE = CreebUITests/Info.plist;
				LD_RUNPATH_SEARCH_PATHS = "$(inherited) @executable_path/Frameworks @loader_path/Frameworks";
				PRODUCT_BUNDLE_IDENTIFIER = edu.fucapi.bepid.CreebUITests;
				PRODUCT_NAME = "$(TARGET_NAME)";
				TEST_TARGET_NAME = Creeb;
				USES_XCTRUNNER = YES;
			};
			name = Release;
		};
/* End XCBuildConfiguration section */

/* Begin XCConfigurationList section */
		CB80BFFC1BA356A800B41C7F /* Build configuration list for PBXProject "Creeb" */ = {
			isa = XCConfigurationList;
			buildConfigurations = (
				CB80C0291BA356A800B41C7F /* Debug */,
				CB80C02A1BA356A800B41C7F /* Release */,
			);
			defaultConfigurationIsVisible = 0;
			defaultConfigurationName = Release;
		};
		CB80C02B1BA356A800B41C7F /* Build configuration list for PBXNativeTarget "Creeb" */ = {
			isa = XCConfigurationList;
			buildConfigurations = (
				CB80C02C1BA356A800B41C7F /* Debug */,
				CB80C02D1BA356A800B41C7F /* Release */,
			);
			defaultConfigurationIsVisible = 0;
			defaultConfigurationName = Release;
		};
		CB80C02E1BA356A800B41C7F /* Build configuration list for PBXNativeTarget "CreebTests" */ = {
			isa = XCConfigurationList;
			buildConfigurations = (
				CB80C02F1BA356A800B41C7F /* Debug */,
				CB80C0301BA356A800B41C7F /* Release */,
			);
			defaultConfigurationIsVisible = 0;
			defaultConfigurationName = Release;
		};
		CB80C0311BA356A800B41C7F /* Build configuration list for PBXNativeTarget "CreebUITests" */ = {
			isa = XCConfigurationList;
			buildConfigurations = (
				CB80C0321BA356A800B41C7F /* Debug */,
				CB80C0331BA356A800B41C7F /* Release */,
			);
			defaultConfigurationIsVisible = 0;
			defaultConfigurationName = Release;
		};
/* End XCConfigurationList section */
	};
	rootObject = CB80BFF91BA356A800B41C7F /* Project object */;
}
